{
    "_readme": [
        "This file locks the dependencies of your project to a known state",
        "Read more about it at https://getcomposer.org/doc/01-basic-usage.md#composer-lock-the-lock-file",
        "This file is @generated automatically"
    ],
    "hash": "71cbb12460413aa4e6b5ab256f936495",
    "content-hash": "fb6e6c00489308d35c495b7c9a3737a7",
    "packages": [
        {
            "name": "aws/aws-sdk-php",
            "version": "3.17.3",
            "source": {
                "type": "git",
                "url": "https://github.com/aws/aws-sdk-php.git",
                "reference": "4d70cbe397c03e84907e10436358f627aab428e6"
            },
            "dist": {
                "type": "zip",
                "url": "https://api.github.com/repos/aws/aws-sdk-php/zipball/4d70cbe397c03e84907e10436358f627aab428e6",
                "reference": "4d70cbe397c03e84907e10436358f627aab428e6",
                "shasum": ""
            },
            "require": {
                "guzzlehttp/guzzle": "~5.3|~6.0.1|~6.1",
                "guzzlehttp/promises": "~1.0",
                "guzzlehttp/psr7": "~1.0",
                "mtdowling/jmespath.php": "~2.2",
                "php": ">=5.5"
            },
            "require-dev": {
                "andrewsville/php-token-reflection": "^1.4",
                "aws/aws-php-sns-message-validator": "~1.0",
                "behat/behat": "~3.0",
                "doctrine/cache": "~1.4",
                "ext-dom": "*",
                "ext-json": "*",
                "ext-openssl": "*",
                "ext-pcre": "*",
                "ext-simplexml": "*",
                "ext-spl": "*",
                "nette/neon": "^2.3",
                "phpunit/phpunit": "~4.0|~5.0",
                "psr/cache": "^1.0"
            },
            "suggest": {
                "aws/aws-php-sns-message-validator": "To validate incoming SNS notifications",
                "doctrine/cache": "To use the DoctrineCacheAdapter",
                "ext-curl": "To send requests using cURL",
                "ext-openssl": "Allows working with CloudFront private distributions and verifying received SNS messages"
            },
            "type": "library",
            "extra": {
                "branch-alias": {
                    "dev-master": "3.0-dev"
                }
            },
            "autoload": {
                "psr-4": {
                    "Aws\\": "src/"
                },
                "files": [
                    "src/functions.php"
                ]
            },
            "notification-url": "https://packagist.org/downloads/",
            "license": [
                "Apache-2.0"
            ],
            "authors": [
                {
                    "name": "Amazon Web Services",
                    "homepage": "http://aws.amazon.com"
                }
            ],
            "description": "AWS SDK for PHP - Use Amazon Web Services in your PHP project",
            "homepage": "http://aws.amazon.com/sdkforphp",
            "keywords": [
                "amazon",
                "aws",
                "cloud",
                "dynamodb",
                "ec2",
                "glacier",
                "s3",
                "sdk"
            ],
            "time": "2016-03-29 22:53:44"
        },
        {
            "name": "guzzlehttp/guzzle",
            "version": "6.2.0",
            "source": {
                "type": "git",
                "url": "https://github.com/guzzle/guzzle.git",
                "reference": "d094e337976dff9d8e2424e8485872194e768662"
            },
            "dist": {
                "type": "zip",
                "url": "https://api.github.com/repos/guzzle/guzzle/zipball/d094e337976dff9d8e2424e8485872194e768662",
                "reference": "d094e337976dff9d8e2424e8485872194e768662",
                "shasum": ""
            },
            "require": {
                "guzzlehttp/promises": "~1.0",
                "guzzlehttp/psr7": "~1.1",
                "php": ">=5.5.0"
            },
            "require-dev": {
                "ext-curl": "*",
                "phpunit/phpunit": "~4.0",
                "psr/log": "~1.0"
            },
            "type": "library",
            "extra": {
                "branch-alias": {
                    "dev-master": "6.2-dev"
                }
            },
            "autoload": {
                "files": [
                    "src/functions_include.php"
                ],
                "psr-4": {
                    "GuzzleHttp\\": "src/"
                }
            },
            "notification-url": "https://packagist.org/downloads/",
            "license": [
                "MIT"
            ],
            "authors": [
                {
                    "name": "Michael Dowling",
                    "email": "mtdowling@gmail.com",
                    "homepage": "https://github.com/mtdowling"
                }
            ],
            "description": "Guzzle is a PHP HTTP client library",
            "homepage": "http://guzzlephp.org/",
            "keywords": [
                "client",
                "curl",
                "framework",
                "http",
                "http client",
                "rest",
                "web service"
            ],
            "time": "2016-03-21 20:02:09"
        },
        {
            "name": "guzzlehttp/promises",
            "version": "1.1.0",
            "source": {
                "type": "git",
                "url": "https://github.com/guzzle/promises.git",
                "reference": "bb9024c526b22f3fe6ae55a561fd70653d470aa8"
            },
            "dist": {
                "type": "zip",
                "url": "https://api.github.com/repos/guzzle/promises/zipball/bb9024c526b22f3fe6ae55a561fd70653d470aa8",
                "reference": "bb9024c526b22f3fe6ae55a561fd70653d470aa8",
                "shasum": ""
            },
            "require": {
                "php": ">=5.5.0"
            },
            "require-dev": {
                "phpunit/phpunit": "~4.0"
            },
            "type": "library",
            "extra": {
                "branch-alias": {
                    "dev-master": "1.0-dev"
                }
            },
            "autoload": {
                "psr-4": {
                    "GuzzleHttp\\Promise\\": "src/"
                },
                "files": [
                    "src/functions_include.php"
                ]
            },
            "notification-url": "https://packagist.org/downloads/",
            "license": [
                "MIT"
            ],
            "authors": [
                {
                    "name": "Michael Dowling",
                    "email": "mtdowling@gmail.com",
                    "homepage": "https://github.com/mtdowling"
                }
            ],
            "description": "Guzzle promises library",
            "keywords": [
                "promise"
            ],
            "time": "2016-03-08 01:15:46"
        },
        {
            "name": "guzzlehttp/psr7",
            "version": "1.2.3",
            "source": {
                "type": "git",
                "url": "https://github.com/guzzle/psr7.git",
                "reference": "2e89629ff057ebb49492ba08e6995d3a6a80021b"
            },
            "dist": {
                "type": "zip",
                "url": "https://api.github.com/repos/guzzle/psr7/zipball/2e89629ff057ebb49492ba08e6995d3a6a80021b",
                "reference": "2e89629ff057ebb49492ba08e6995d3a6a80021b",
                "shasum": ""
            },
            "require": {
                "php": ">=5.4.0",
                "psr/http-message": "~1.0"
            },
            "provide": {
                "psr/http-message-implementation": "1.0"
            },
            "require-dev": {
                "phpunit/phpunit": "~4.0"
            },
            "type": "library",
            "extra": {
                "branch-alias": {
                    "dev-master": "1.0-dev"
                }
            },
            "autoload": {
                "psr-4": {
                    "GuzzleHttp\\Psr7\\": "src/"
                },
                "files": [
                    "src/functions_include.php"
                ]
            },
            "notification-url": "https://packagist.org/downloads/",
            "license": [
                "MIT"
            ],
            "authors": [
                {
                    "name": "Michael Dowling",
                    "email": "mtdowling@gmail.com",
                    "homepage": "https://github.com/mtdowling"
                }
            ],
            "description": "PSR-7 message implementation",
            "keywords": [
                "http",
                "message",
                "stream",
                "uri"
            ],
            "time": "2016-02-18 21:54:00"
        },
        {
            "name": "mtdowling/jmespath.php",
            "version": "2.3.0",
            "source": {
                "type": "git",
                "url": "https://github.com/jmespath/jmespath.php.git",
                "reference": "192f93e43c2c97acde7694993ab171b3de284093"
            },
            "dist": {
                "type": "zip",
                "url": "https://api.github.com/repos/jmespath/jmespath.php/zipball/192f93e43c2c97acde7694993ab171b3de284093",
                "reference": "192f93e43c2c97acde7694993ab171b3de284093",
                "shasum": ""
            },
            "require": {
                "php": ">=5.4.0"
            },
            "require-dev": {
                "phpunit/phpunit": "~4.0"
            },
            "bin": [
                "bin/jp.php"
            ],
            "type": "library",
            "extra": {
                "branch-alias": {
                    "dev-master": "2.0-dev"
                }
            },
            "autoload": {
                "psr-4": {
                    "JmesPath\\": "src/"
                },
                "files": [
                    "src/JmesPath.php"
                ]
            },
            "notification-url": "https://packagist.org/downloads/",
            "license": [
                "MIT"
            ],
            "authors": [
                {
                    "name": "Michael Dowling",
                    "email": "mtdowling@gmail.com",
                    "homepage": "https://github.com/mtdowling"
                }
            ],
            "description": "Declaratively specify how to extract elements from a JSON document",
            "keywords": [
                "json",
                "jsonpath"
            ],
            "time": "2016-01-05 18:25:05"
        },
        {
            "name": "psr/http-message",
            "version": "1.0",
            "source": {
                "type": "git",
                "url": "https://github.com/php-fig/http-message.git",
                "reference": "85d63699f0dbedb190bbd4b0d2b9dc707ea4c298"
            },
            "dist": {
                "type": "zip",
                "url": "https://api.github.com/repos/php-fig/http-message/zipball/85d63699f0dbedb190bbd4b0d2b9dc707ea4c298",
                "reference": "85d63699f0dbedb190bbd4b0d2b9dc707ea4c298",
                "shasum": ""
            },
            "require": {
                "php": ">=5.3.0"
            },
            "type": "library",
            "extra": {
                "branch-alias": {
                    "dev-master": "1.0.x-dev"
                }
            },
            "autoload": {
                "psr-4": {
                    "Psr\\Http\\Message\\": "src/"
                }
            },
            "notification-url": "https://packagist.org/downloads/",
            "license": [
                "MIT"
            ],
            "authors": [
                {
                    "name": "PHP-FIG",
                    "homepage": "http://www.php-fig.org/"
                }
            ],
            "description": "Common interface for HTTP messages",
            "keywords": [
                "http",
                "http-message",
                "psr",
                "psr-7",
                "request",
                "response"
            ],
            "time": "2015-05-04 20:22:00"
        }
    ],
    "packages-dev": [
        {
            "name": "leafo/scssphp",
            "version": "dev-master",
            "source": {
                "type": "git",
                "url": "https://github.com/netrivet/scssphp.git",
                "reference": "cc883c5bf132b63cfa7d930d43a877ae13a186fe"
            },
            "dist": {
                "type": "zip",
                "url": "https://api.github.com/repos/netrivet/scssphp/zipball/cc883c5bf132b63cfa7d930d43a877ae13a186fe",
                "reference": "cc883c5bf132b63cfa7d930d43a877ae13a186fe",
                "shasum": ""
            },
            "require": {
                "php": ">=5.3.0"
            },
            "require-dev": {
                "phpunit/phpunit": "3.7.*"
            },
            "bin": [
                "bin/pscss"
            ],
            "type": "library",
            "autoload": {
                "classmap": [
                    "classmap.php"
                ],
                "psr-4": {
                    "Leafo\\ScssPhp\\": "src/"
                }
            },
            "autoload-dev": {
                "psr-4": {
                    "Leafo\\ScssPhp\\Test\\": "tests/"
                }
            },
            "license": [
                "MIT",
                "GPL-3.0"
            ],
            "authors": [
                {
                    "name": "Leaf Corcoran",
                    "email": "leafot@gmail.com",
                    "homepage": "http://leafo.net"
                }
            ],
            "description": "scssphp is a compiler for SCSS written in PHP.",
            "homepage": "http://leafo.net/scssphp/",
            "keywords": [
                "css",
                "less",
                "sass",
                "scss",
                "stylesheet"
            ],
            "support": {
                "source": "https://github.com/netrivet/scssphp/tree/master"
            },
            "time": "2015-05-18 20:09:21"
        },
        {
            "name": "netrivet/common",
            "version": "dev-master",
            "source": {
                "type": "git",
                "url": "git@github.com:netrivet/common.git",
                "reference": "087c2132cb50e80ec86a27f10d6768abace3a033"
            },
            "dist": {
                "type": "zip",
                "url": "https://api.github.com/repos/netrivet/common/zipball/087c2132cb50e80ec86a27f10d6768abace3a033",
                "reference": "087c2132cb50e80ec86a27f10d6768abace3a033",
                "shasum": ""
            },
            "require-dev": {
                "netrivet/ezekiel": "^0.2.0",
                "netrivet/refute-assert": "^0.1.0",
                "phpunit/phpunit": "^4.7"
            },
            "type": "library",
            "autoload": {
                "classmap": [
                    "classes/"
                ]
            },
            "scripts": {
                "test": [
                    "phpunit --bootstrap PHPUnit/bootstrap.php tests/unit/"
                ]
            },
            "authors": [
                {
                    "name": "Brian Scaturro",
                    "email": "brian@netrivet.com"
                }
            ],
            "description": "Common classes and functions",
            "support": {
                "source": "https://github.com/netrivet/common/tree/master",
                "issues": "https://github.com/netrivet/common/issues"
            },
            "time": "2016-01-26 00:09:21"
        },
        {
            "name": "netrivet/container",
            "version": "1.0.0",
            "source": {
                "type": "git",
                "url": "https://github.com/netrivet/container.git",
                "reference": "81e39786a4fb8b290a74cc349c8c473f352cd3ed"
            },
            "dist": {
                "type": "zip",
                "url": "https://api.github.com/repos/netrivet/container/zipball/81e39786a4fb8b290a74cc349c8c473f352cd3ed",
                "reference": "81e39786a4fb8b290a74cc349c8c473f352cd3ed",
                "shasum": ""
            },
            "require": {
                "php": ">=5.3.0"
            },
            "require-dev": {
                "phpunit/phpunit": "^4.7",
                "symfony/var-dumper": "~2.0"
            },
            "type": "library",
            "autoload": {
                "psr-4": {
                    "NetRivet\\Container\\": "src/"
                }
            },
            "notification-url": "https://packagist.org/downloads/",
            "license": [
                "MIT"
            ],
            "authors": [
                {
                    "name": "Taylor Otwell",
                    "email": "taylorotwell@gmail.com"
                },
                {
                    "name": "Jared Henderson",
                    "email": "jared@netrivet.com"
                }
            ],
            "description": "A PHP 5.3 compatible fork of the illuminate/container package.",
            "homepage": "https://github.com/netrivet/container",
            "time": "2015-07-22 16:44:49"
        },
        {
            "name": "netrivet/prophoto-classes",
            "version": "dev-master",
            "source": {
                "type": "git",
                "url": "git@github.com:netrivet/prophoto-classes.git",
                "reference": "1309340dc948153923092e1540e555ad7232646a"
            },
            "dist": {
                "type": "zip",
                "url": "https://api.github.com/repos/netrivet/prophoto-classes/zipball/1309340dc948153923092e1540e555ad7232646a",
                "reference": "1309340dc948153923092e1540e555ad7232646a",
                "shasum": ""
            },
            "require": {
                "leafo/scssphp": "dev-master",
                "netrivet/common": "dev-master",
                "netrivet/container": "~1.0",
                "netrivet/wp-event-emitter": "~3.0",
                "netrivet/wp-http": "~1.0",
                "robmorgan/phinx": "^0.4@stable",
                "tedivm/jshrink": "~1.0",
                "webpatser/laravel-uuid": "^2.0@stable"
            },
            "require-dev": {
                "mockery/mockery": "~0.9",
                "netrivet/ezekiel": "0.2.0",
                "netrivet/refute-assert": "dev-master",
                "phpunit/phpunit": "~4.5",
                "symfony/var-dumper": "~2.0"
            },
            "type": "library",
            "autoload": {
                "psr-4": {
                    "ProPhoto\\": "src/"
                },
                "files": [
                    "_export.php"
                ]
            },
            "scripts": {
                "test": [
                    "TESTING=1 phpunit"
                ],
                "integration-test": [
                    "cd it && ../vendor/bin/phpunit"
                ],
                "test-all": [
                    "composer test && composer integration-test"
                ]
            },
            "authors": [
                {
                    "name": "Brian Scaturro",
                    "email": "brian@netrivet.com"
                }
            ],
            "description": "Core ProPhoto theme classes",
            "support": {
                "source": "https://github.com/netrivet/prophoto-classes/tree/master",
                "issues": "https://github.com/netrivet/prophoto-classes/issues"
            },
            "time": "2016-03-31 17:07:00"
        },
        {
            "name": "netrivet/wp-event-emitter",
            "version": "3.4.0",
            "source": {
                "type": "git",
                "url": "https://github.com/netrivet/wp-event-emitter.git",
                "reference": "30faee69a38252868824e42bc120286392867a6e"
            },
            "dist": {
                "type": "zip",
                "url": "https://api.github.com/repos/netrivet/wp-event-emitter/zipball/30faee69a38252868824e42bc120286392867a6e",
                "reference": "30faee69a38252868824e42bc120286392867a6e",
                "shasum": ""
            },
            "require": {
                "php": ">=5.3.3"
            },
            "require-dev": {
                "phpunit/phpunit": "^4.6",
                "symfony/var-dumper": "~2.6.0"
            },
            "type": "library",
            "autoload": {
                "psr-4": {
                    "NetRivet\\WordPress\\": "src/"
                }
            },
            "notification-url": "https://packagist.org/downloads/",
            "license": [
                "MIT"
            ],
            "authors": [
                {
                    "name": "Brian Scaturro",
                    "email": "scaturrob@gmail.com"
                }
            ],
            "description": "An object oriented event emitter for WordPress actions",
            "time": "2015-11-11 19:47:54"
        },
        {
            "name": "netrivet/wp-http",
            "version": "1.2.0",
            "source": {
                "type": "git",
                "url": "https://github.com/netrivet/wp-http.git",
                "reference": "93ca50dd8ff697ffdb5b74d4c24c4dd34b674cf9"
            },
            "dist": {
                "type": "zip",
                "url": "https://api.github.com/repos/netrivet/wp-http/zipball/93ca50dd8ff697ffdb5b74d4c24c4dd34b674cf9",
                "reference": "93ca50dd8ff697ffdb5b74d4c24c4dd34b674cf9",
                "shasum": ""
            },
            "require": {
                "php": ">=5.3.0"
            },
            "require-dev": {
                "phpunit/phpunit": "^4.7",
                "symfony/var-dumper": "~2.0"
            },
            "type": "library",
            "autoload": {
                "psr-4": {
                    "NetRivet\\WordPress\\Http\\": "src/"
                }
            },
            "notification-url": "https://packagist.org/downloads/",
            "license": [
                "MIT"
            ],
            "authors": [
                {
                    "name": "Jared Henderson",
                    "email": "jared@netrivet.com"
                }
            ],
            "description": "A psr7-ish, Guzzle-ish, set of request/response classes for WordPress.",
            "time": "2015-06-18 20:19:07"
        },
        {
            "name": "robmorgan/phinx",
            "version": "v0.4.6",
            "source": {
                "type": "git",
                "url": "https://github.com/robmorgan/phinx.git",
                "reference": "1351ca36dd2419d7de02afd1aaa415929112d7f1"
            },
            "dist": {
                "type": "zip",
                "url": "https://api.github.com/repos/robmorgan/phinx/zipball/1351ca36dd2419d7de02afd1aaa415929112d7f1",
                "reference": "1351ca36dd2419d7de02afd1aaa415929112d7f1",
                "shasum": ""
            },
            "require": {
                "php": ">=5.3.2",
                "symfony/config": "~2.7",
                "symfony/console": "~2.7",
                "symfony/yaml": "~2.7"
            },
            "require-dev": {
                "phpunit/phpunit": "3.7.*",
                "squizlabs/php_codesniffer": "dev-phpcs-fixer"
            },
            "bin": [
                "bin/phinx"
            ],
            "type": "library",
            "autoload": {
                "psr-4": {
                    "Phinx\\": "src/Phinx"
                }
            },
            "notification-url": "https://packagist.org/downloads/",
            "license": [
                "MIT"
            ],
            "authors": [
                {
                    "name": "Rob Morgan",
                    "email": "robbym@gmail.com",
                    "homepage": "http://robmorgan.id.au",
                    "role": "Lead Developer"
                },
                {
                    "name": "Woody Gilk",
                    "email": "woody.gilk@gmail.com",
                    "homepage": "http://shadowhand.me",
                    "role": "Developer"
                }
            ],
            "description": "Phinx makes it ridiculously easy to manage the database migrations for your PHP app.",
            "homepage": "https://phinx.org",
            "keywords": [
                "database",
                "database migrations",
                "db",
                "migrations",
                "phinx"
            ],
            "time": "2015-09-11 15:44:41"
        },
        {
            "name": "symfony/config",
            "version": "v2.8.4",
            "source": {
                "type": "git",
                "url": "https://github.com/symfony/config.git",
                "reference": "5273f4724dc5288fe7a33cb08077ab9852621f2c"
            },
            "dist": {
                "type": "zip",
                "url": "https://api.github.com/repos/symfony/config/zipball/5273f4724dc5288fe7a33cb08077ab9852621f2c",
                "reference": "5273f4724dc5288fe7a33cb08077ab9852621f2c",
                "shasum": ""
            },
            "require": {
                "php": ">=5.3.9",
                "symfony/filesystem": "~2.3|~3.0.0"
            },
            "suggest": {
                "symfony/yaml": "To use the yaml reference dumper"
            },
            "type": "library",
            "extra": {
                "branch-alias": {
                    "dev-master": "2.8-dev"
                }
            },
            "autoload": {
                "psr-4": {
                    "Symfony\\Component\\Config\\": ""
                },
                "exclude-from-classmap": [
                    "/Tests/"
                ]
            },
            "notification-url": "https://packagist.org/downloads/",
            "license": [
                "MIT"
            ],
            "authors": [
                {
                    "name": "Fabien Potencier",
                    "email": "fabien@symfony.com"
                },
                {
                    "name": "Symfony Community",
                    "homepage": "https://symfony.com/contributors"
                }
            ],
            "description": "Symfony Config Component",
            "homepage": "https://symfony.com",
            "time": "2016-03-04 07:54:35"
        },
        {
            "name": "symfony/console",
            "version": "v2.8.4",
            "source": {
                "type": "git",
                "url": "https://github.com/symfony/console.git",
                "reference": "9a5aef5fc0d4eff86853d44202b02be8d5a20154"
            },
            "dist": {
                "type": "zip",
                "url": "https://api.github.com/repos/symfony/console/zipball/9a5aef5fc0d4eff86853d44202b02be8d5a20154",
                "reference": "9a5aef5fc0d4eff86853d44202b02be8d5a20154",
                "shasum": ""
            },
            "require": {
                "php": ">=5.3.9",
                "symfony/polyfill-mbstring": "~1.0"
            },
            "require-dev": {
                "psr/log": "~1.0",
                "symfony/event-dispatcher": "~2.1|~3.0.0",
                "symfony/process": "~2.1|~3.0.0"
            },
            "suggest": {
                "psr/log": "For using the console logger",
                "symfony/event-dispatcher": "",
                "symfony/process": ""
            },
            "type": "library",
            "extra": {
                "branch-alias": {
                    "dev-master": "2.8-dev"
                }
            },
            "autoload": {
                "psr-4": {
                    "Symfony\\Component\\Console\\": ""
                },
                "exclude-from-classmap": [
                    "/Tests/"
                ]
            },
            "notification-url": "https://packagist.org/downloads/",
            "license": [
                "MIT"
            ],
            "authors": [
                {
                    "name": "Fabien Potencier",
                    "email": "fabien@symfony.com"
                },
                {
                    "name": "Symfony Community",
                    "homepage": "https://symfony.com/contributors"
                }
            ],
            "description": "Symfony Console Component",
            "homepage": "https://symfony.com",
            "time": "2016-03-17 09:19:04"
        },
        {
            "name": "symfony/filesystem",
            "version": "v3.0.4",
            "source": {
                "type": "git",
                "url": "https://github.com/symfony/filesystem.git",
                "reference": "f82499a459dcade2ea56df94cc58b19c8bde3d20"
            },
            "dist": {
                "type": "zip",
                "url": "https://api.github.com/repos/symfony/filesystem/zipball/f82499a459dcade2ea56df94cc58b19c8bde3d20",
                "reference": "f82499a459dcade2ea56df94cc58b19c8bde3d20",
                "shasum": ""
            },
            "require": {
                "php": ">=5.5.9"
            },
            "type": "library",
            "extra": {
                "branch-alias": {
                    "dev-master": "3.0-dev"
                }
            },
            "autoload": {
                "psr-4": {
                    "Symfony\\Component\\Filesystem\\": ""
                },
                "exclude-from-classmap": [
                    "/Tests/"
                ]
            },
            "notification-url": "https://packagist.org/downloads/",
            "license": [
                "MIT"
            ],
            "authors": [
                {
                    "name": "Fabien Potencier",
                    "email": "fabien@symfony.com"
                },
                {
                    "name": "Symfony Community",
                    "homepage": "https://symfony.com/contributors"
                }
            ],
            "description": "Symfony Filesystem Component",
            "homepage": "https://symfony.com",
            "time": "2016-03-27 10:24:39"
        },
        {
            "name": "symfony/polyfill-mbstring",
            "version": "v1.1.1",
            "source": {
                "type": "git",
                "url": "https://github.com/symfony/polyfill-mbstring.git",
                "reference": "1289d16209491b584839022f29257ad859b8532d"
            },
            "dist": {
                "type": "zip",
                "url": "https://api.github.com/repos/symfony/polyfill-mbstring/zipball/1289d16209491b584839022f29257ad859b8532d",
                "reference": "1289d16209491b584839022f29257ad859b8532d",
                "shasum": ""
            },
            "require": {
                "php": ">=5.3.3"
            },
            "suggest": {
                "ext-mbstring": "For best performance"
            },
            "type": "library",
            "extra": {
                "branch-alias": {
                    "dev-master": "1.1-dev"
                }
            },
            "autoload": {
                "psr-4": {
                    "Symfony\\Polyfill\\Mbstring\\": ""
                },
                "files": [
                    "bootstrap.php"
                ]
            },
            "notification-url": "https://packagist.org/downloads/",
            "license": [
                "MIT"
            ],
            "authors": [
                {
                    "name": "Nicolas Grekas",
                    "email": "p@tchwork.com"
                },
                {
                    "name": "Symfony Community",
                    "homepage": "https://symfony.com/contributors"
                }
            ],
            "description": "Symfony polyfill for the Mbstring extension",
            "homepage": "https://symfony.com",
            "keywords": [
                "compatibility",
                "mbstring",
                "polyfill",
                "portable",
                "shim"
            ],
            "time": "2016-01-20 09:13:37"
        },
        {
            "name": "symfony/yaml",
            "version": "v2.8.4",
            "source": {
                "type": "git",
                "url": "https://github.com/symfony/yaml.git",
                "reference": "584e52cb8f788a887553ba82db6caacb1d6260bb"
            },
            "dist": {
                "type": "zip",
                "url": "https://api.github.com/repos/symfony/yaml/zipball/584e52cb8f788a887553ba82db6caacb1d6260bb",
                "reference": "584e52cb8f788a887553ba82db6caacb1d6260bb",
                "shasum": ""
            },
            "require": {
                "php": ">=5.3.9"
            },
            "type": "library",
            "extra": {
                "branch-alias": {
                    "dev-master": "2.8-dev"
                }
            },
            "autoload": {
                "psr-4": {
                    "Symfony\\Component\\Yaml\\": ""
                },
                "exclude-from-classmap": [
                    "/Tests/"
                ]
            },
            "notification-url": "https://packagist.org/downloads/",
            "license": [
                "MIT"
            ],
            "authors": [
                {
                    "name": "Fabien Potencier",
                    "email": "fabien@symfony.com"
                },
                {
                    "name": "Symfony Community",
                    "homepage": "https://symfony.com/contributors"
                }
            ],
            "description": "Symfony Yaml Component",
            "homepage": "https://symfony.com",
            "time": "2016-03-04 07:54:35"
        },
        {
            "name": "tedivm/jshrink",
            "version": "v1.1.0",
            "source": {
                "type": "git",
                "url": "https://github.com/tedious/JShrink.git",
                "reference": "688527a2e854d7935f24f24c7d5eb1b604742bf9"
            },
            "dist": {
                "type": "zip",
                "url": "https://api.github.com/repos/tedious/JShrink/zipball/688527a2e854d7935f24f24c7d5eb1b604742bf9",
                "reference": "688527a2e854d7935f24f24c7d5eb1b604742bf9",
                "shasum": ""
            },
            "require": {
                "php": ">=5.3.0"
            },
            "require-dev": {
                "fabpot/php-cs-fixer": "0.4.0",
                "phpunit/phpunit": "4.0.*",
                "satooshi/php-coveralls": "dev-master"
            },
            "type": "library",
            "autoload": {
                "psr-0": {
                    "JShrink": "src/"
                }
            },
            "notification-url": "https://packagist.org/downloads/",
            "license": [
                "BSD-3-Clause"
            ],
            "authors": [
                {
                    "name": "Robert Hafner",
                    "email": "tedivm@tedivm.com"
                }
            ],
            "description": "Javascript Minifier built in PHP",
            "homepage": "http://github.com/tedious/JShrink",
            "keywords": [
                "javascript",
                "minifier"
            ],
            "time": "2015-07-04 07:35:09"
        },
        {
            "name": "webpatser/laravel-uuid",
            "version": "2.0",
            "source": {
                "type": "git",
                "url": "https://github.com/webpatser/laravel-uuid.git",
                "reference": "7c0a65be9367b99b7f4c13119c0c6514701de40b"
            },
            "dist": {
                "type": "zip",
                "url": "https://api.github.com/repos/webpatser/laravel-uuid/zipball/7c0a65be9367b99b7f4c13119c0c6514701de40b",
                "reference": "7c0a65be9367b99b7f4c13119c0c6514701de40b",
                "shasum": ""
            },
            "require": {
                "php": ">=5.3.0"
            },
            "require-dev": {
                "fzaninotto/faker": "1.5.*",
                "phpunit/phpunit": "4.7.*"
            },
            "type": "library",
            "autoload": {
                "psr-0": {
                    "Webpatser\\Uuid": "src/"
                }
            },
            "notification-url": "https://packagist.org/downloads/",
            "license": [
                "MIT"
            ],
            "authors": [
                {
                    "name": "Christoph Kempen",
                    "email": "christoph@downsized.nl"
                }
            ],
            "description": "Class to generate a UUID according to the RFC 4122 standard. Support for version 1, 3, 4 and 5 UUID are built-in.",
            "homepage": "https://github.com/webpatser/uuid",
            "keywords": [
                "UUID RFC4122"
            ],
            "time": "2015-06-15 21:48:27"
        }
    ],
    "aliases": [],
    "minimum-stability": "dev",
    "stability-flags": {
        "netrivet/prophoto-classes": 20
    },
    "prefer-stable": true,
    "prefer-lowest": false,
    "platform": [],
    "platform-dev": []
}
